
Microsoft Visual Studio Solution File, Format Version 12.00
# Visual Studio Version 17
VisualStudioVersion = 17.6.33829.357
MinimumVisualStudioVersion = 10.0.40219.1
Project("{FAE04EC0-301F-11D3-BF4B-00C04F79EFBC}") = "EmployeesHrApi", "EmployeesHrApi\EmployeesHrApi.csproj", "{D2E288EF-B144-475C-B5DA-B97624A71EC1}"
EndProject
Global
	GlobalSection(SolutionConfigurationPlatforms) = preSolution
		Debug|Any CPU = Debug|Any CPU
		Release|Any CPU = Release|Any CPU
	EndGlobalSection
	GlobalSection(ProjectConfigurationPlatforms) = postSolution
		{D2E288EF-B144-475C-B5DA-B97624A71EC1}.Debug|Any CPU.ActiveCfg = Debug|Any CPU
		{D2E288EF-B144-475C-B5DA-B97624A71EC1}.Debug|Any CPU.Build.0 = Debug|Any CPU
		{D2E288EF-B144-475C-B5DA-B97624A71EC1}.Release|Any CPU.ActiveCfg = Release|Any CPU
		{D2E288EF-B144-475C-B5DA-B97624A71EC1}.Release|Any CPU.Build.0 = Release|Any CPU
	EndGlobalSection
	GlobalSection(SolutionProperties) = preSolution
		HideSolutionNode = FALSE
	EndGlobalSection
	GlobalSection(ExtensibilityGlobals) = postSolution
		SolutionGuid = {A498E9F2-AFF8-4424-A2FC-32D3A8F652D8}
	EndGlobalSection
EndGlobal
